
Microsoft Visual Studio Solution File, Format Version 12.00
# Visual Studio Version 17
VisualStudioVersion = 17.9.34728.123
MinimumVisualStudioVersion = 10.0.40219.1
Project("{FAE04EC0-301F-11D3-BF4B-00C04F79EFBC}") = "OrderApi.Domain", "OrderApi.Domain\OrderApi.Domain.csproj", "{7D6E4A29-E9CC-4314-9D97-3E91AD7EFC7F}"
EndProject
Project("{FAE04EC0-301F-11D3-BF4B-00C04F79EFBC}") = "OrderApi.Application", "OrderApi.Application\OrderApi.Application.csproj", "{D5A99333-1BD3-4FC6-A1D1-D718CD6E0974}"
EndProject
Project("{FAE04EC0-301F-11D3-BF4B-00C04F79EFBC}") = "OrderApi.Infrastructure", "OrderApi.Infrastructure\OrderApi.Infrastructure.csproj", "{0245725E-CC0D-4F62-A92B-9744705EC211}"
EndProject
Project("{FAE04EC0-301F-11D3-BF4B-00C04F79EFBC}") = "OrderApi.Presentation", "OrderApi.Presentation\OrderApi.Presentation.csproj", "{06BA8E6A-CBE7-48EA-9873-2DAC412F9E48}"
EndProject
Project("{9A19103F-16F7-4668-BE54-9A1E7A4F7556}") = "eCommerce.SharedLibrary", "..\eCommerce.SharedLibrary\eCommerce.SharedLibrary.csproj", "{1E66F4BB-28F0-4B88-B5CF-A79E42672AB3}"
EndProject
Global
	GlobalSection(SolutionConfigurationPlatforms) = preSolution
		Debug|Any CPU = Debug|Any CPU
		Release|Any CPU = Release|Any CPU
	EndGlobalSection
	GlobalSection(ProjectConfigurationPlatforms) = postSolution
		{7D6E4A29-E9CC-4314-9D97-3E91AD7EFC7F}.Debug|Any CPU.ActiveCfg = Debug|Any CPU
		{7D6E4A29-E9CC-4314-9D97-3E91AD7EFC7F}.Debug|Any CPU.Build.0 = Debug|Any CPU
		{7D6E4A29-E9CC-4314-9D97-3E91AD7EFC7F}.Release|Any CPU.ActiveCfg = Release|Any CPU
		{7D6E4A29-E9CC-4314-9D97-3E91AD7EFC7F}.Release|Any CPU.Build.0 = Release|Any CPU
		{D5A99333-1BD3-4FC6-A1D1-D718CD6E0974}.Debug|Any CPU.ActiveCfg = Debug|Any CPU
		{D5A99333-1BD3-4FC6-A1D1-D718CD6E0974}.Debug|Any CPU.Build.0 = Debug|Any CPU
		{D5A99333-1BD3-4FC6-A1D1-D718CD6E0974}.Release|Any CPU.ActiveCfg = Release|Any CPU
		{D5A99333-1BD3-4FC6-A1D1-D718CD6E0974}.Release|Any CPU.Build.0 = Release|Any CPU
		{0245725E-CC0D-4F62-A92B-9744705EC211}.Debug|Any CPU.ActiveCfg = Debug|Any CPU
		{0245725E-CC0D-4F62-A92B-9744705EC211}.Debug|Any CPU.Build.0 = Debug|Any CPU
		{0245725E-CC0D-4F62-A92B-9744705EC211}.Release|Any CPU.ActiveCfg = Release|Any CPU
		{0245725E-CC0D-4F62-A92B-9744705EC211}.Release|Any CPU.Build.0 = Release|Any CPU
		{06BA8E6A-CBE7-48EA-9873-2DAC412F9E48}.Debug|Any CPU.ActiveCfg = Debug|Any CPU
		{06BA8E6A-CBE7-48EA-9873-2DAC412F9E48}.Debug|Any CPU.Build.0 = Debug|Any CPU
		{06BA8E6A-CBE7-48EA-9873-2DAC412F9E48}.Release|Any CPU.ActiveCfg = Release|Any CPU
		{06BA8E6A-CBE7-48EA-9873-2DAC412F9E48}.Release|Any CPU.Build.0 = Release|Any CPU
		{1E66F4BB-28F0-4B88-B5CF-A79E42672AB3}.Debug|Any CPU.ActiveCfg = Debug|Any CPU
		{1E66F4BB-28F0-4B88-B5CF-A79E42672AB3}.Debug|Any CPU.Build.0 = Debug|Any CPU
		{1E66F4BB-28F0-4B88-B5CF-A79E42672AB3}.Release|Any CPU.ActiveCfg = Release|Any CPU
		{1E66F4BB-28F0-4B88-B5CF-A79E42672AB3}.Release|Any CPU.Build.0 = Release|Any CPU
	EndGlobalSection
	GlobalSection(SolutionProperties) = preSolution
		HideSolutionNode = FALSE
	EndGlobalSection
	GlobalSection(ExtensibilityGlobals) = postSolution
		SolutionGuid = {BFACA8EE-67C3-4FF9-B9EB-EFF41B43CA51}
	EndGlobalSection
EndGlobal
